// !$*UTF8*$!
{
	archiveVersion = 1;
	classes = {
	};
	objectVersion = 50;
	objects = {

/* Begin PBXBuildFile section */
		5715028925D59E860075EF9C /* Color+colors.swift in Sources */ = {isa = PBXBuildFile; fileRef = 5715028825D59E860075EF9C /* Color+colors.swift */; };
		5715028C25D59E910075EF9C /* TestIntroView.swift in Sources */ = {isa = PBXBuildFile; fileRef = 5715028B25D59E910075EF9C /* TestIntroView.swift */; };
		5715028F25D59E9C0075EF9C /* ActivityDescription.swift in Sources */ = {isa = PBXBuildFile; fileRef = 5715028E25D59E9C0075EF9C /* ActivityDescription.swift */; };
		5715029225D59EA50075EF9C /* ShowResultView.swift in Sources */ = {isa = PBXBuildFile; fileRef = 5715029125D59EA50075EF9C /* ShowResultView.swift */; };
		5715029525D59EAE0075EF9C /* SensorDevice.swift in Sources */ = {isa = PBXBuildFile; fileRef = 5715029425D59EAE0075EF9C /* SensorDevice.swift */; };
		57FBEFA525D45DF30026ACE4 /* MapView.swift in Sources */ = {isa = PBXBuildFile; fileRef = 57FBEFA425D45DF30026ACE4 /* MapView.swift */; };
		BE2742C725CB2531006699E6 /* AppDelegate.swift in Sources */ = {isa = PBXBuildFile; fileRef = BE2742C625CB2531006699E6 /* AppDelegate.swift */; };
		BE2742C925CB2531006699E6 /* SceneDelegate.swift in Sources */ = {isa = PBXBuildFile; fileRef = BE2742C825CB2531006699E6 /* SceneDelegate.swift */; };
		BE2742CB25CB2531006699E6 /* ContentView.swift in Sources */ = {isa = PBXBuildFile; fileRef = BE2742CA25CB2531006699E6 /* ContentView.swift */; };
		BE2742CD25CB2540006699E6 /* Assets.xcassets in Resources */ = {isa = PBXBuildFile; fileRef = BE2742CC25CB2540006699E6 /* Assets.xcassets */; };
		BE2742D025CB2540006699E6 /* Preview Assets.xcassets in Resources */ = {isa = PBXBuildFile; fileRef = BE2742CF25CB2540006699E6 /* Preview Assets.xcassets */; };
		BE2742D325CB2540006699E6 /* LaunchScreen.storyboard in Resources */ = {isa = PBXBuildFile; fileRef = BE2742D125CB2540006699E6 /* LaunchScreen.storyboard */; };
		BE2742DF25CB2FC5006699E6 /* CloudKit.framework in Frameworks */ = {isa = PBXBuildFile; fileRef = BE2742DE25CB2FC5006699E6 /* CloudKit.framework */; };
		BEB689F025CC75F300AABE21 /* Drunk.swift in Sources */ = {isa = PBXBuildFile; fileRef = BEB689EF25CC75F300AABE21 /* Drunk.swift */; };
		BEB689F525CC77B500AABE21 /* DrunkBank.swift in Sources */ = {isa = PBXBuildFile; fileRef = BEB689F425CC77B500AABE21 /* DrunkBank.swift */; };
		BEC8619F25D5AF80004A6874 /* Onboarding.swift in Sources */ = {isa = PBXBuildFile; fileRef = BEC8619E25D5AF80004A6874 /* Onboarding.swift */; };
/* End PBXBuildFile section */

/* Begin PBXFileReference section */
		5715028825D59E860075EF9C /* Color+colors.swift */ = {isa = PBXFileReference; fileEncoding = 4; lastKnownFileType = sourcecode.swift; path = "Color+colors.swift"; sourceTree = "<group>"; };
		5715028B25D59E910075EF9C /* TestIntroView.swift */ = {isa = PBXFileReference; fileEncoding = 4; lastKnownFileType = sourcecode.swift; path = TestIntroView.swift; sourceTree = "<group>"; };
		5715028E25D59E9C0075EF9C /* ActivityDescription.swift */ = {isa = PBXFileReference; fileEncoding = 4; lastKnownFileType = sourcecode.swift; path = ActivityDescription.swift; sourceTree = "<group>"; };
		5715029125D59EA50075EF9C /* ShowResultView.swift */ = {isa = PBXFileReference; fileEncoding = 4; lastKnownFileType = sourcecode.swift; path = ShowResultView.swift; sourceTree = "<group>"; };
		5715029425D59EAE0075EF9C /* SensorDevice.swift */ = {isa = PBXFileReference; fileEncoding = 4; lastKnownFileType = sourcecode.swift; path = SensorDevice.swift; sourceTree = "<group>"; };
		57FBEFA425D45DF30026ACE4 /* MapView.swift */ = {isa = PBXFileReference; lastKnownFileType = sourcecode.swift; path = MapView.swift; sourceTree = "<group>"; };
		BE2742C325CB2531006699E6 /* baforada.app */ = {isa = PBXFileReference; explicitFileType = wrapper.application; includeInIndex = 0; path = baforada.app; sourceTree = BUILT_PRODUCTS_DIR; };
		BE2742C625CB2531006699E6 /* AppDelegate.swift */ = {isa = PBXFileReference; lastKnownFileType = sourcecode.swift; path = AppDelegate.swift; sourceTree = "<group>"; };
		BE2742C825CB2531006699E6 /* SceneDelegate.swift */ = {isa = PBXFileReference; lastKnownFileType = sourcecode.swift; path = SceneDelegate.swift; sourceTree = "<group>"; };
		BE2742CA25CB2531006699E6 /* ContentView.swift */ = {isa = PBXFileReference; lastKnownFileType = sourcecode.swift; path = ContentView.swift; sourceTree = "<group>"; };
		BE2742CC25CB2540006699E6 /* Assets.xcassets */ = {isa = PBXFileReference; lastKnownFileType = folder.assetcatalog; path = Assets.xcassets; sourceTree = "<group>"; };
		BE2742CF25CB2540006699E6 /* Preview Assets.xcassets */ = {isa = PBXFileReference; lastKnownFileType = folder.assetcatalog; path = "Preview Assets.xcassets"; sourceTree = "<group>"; };
		BE2742D225CB2540006699E6 /* Base */ = {isa = PBXFileReference; lastKnownFileType = file.storyboard; name = Base; path = Base.lproj/LaunchScreen.storyboard; sourceTree = "<group>"; };
		BE2742D425CB2540006699E6 /* Info.plist */ = {isa = PBXFileReference; lastKnownFileType = text.plist.xml; path = Info.plist; sourceTree = "<group>"; };
		BE2742DC25CB2FB4006699E6 /* baforada.entitlements */ = {isa = PBXFileReference; lastKnownFileType = text.plist.entitlements; path = baforada.entitlements; sourceTree = "<group>"; };
		BE2742DE25CB2FC5006699E6 /* CloudKit.framework */ = {isa = PBXFileReference; lastKnownFileType = wrapper.framework; name = CloudKit.framework; path = System/Library/Frameworks/CloudKit.framework; sourceTree = SDKROOT; };
		BEB689EF25CC75F300AABE21 /* Drunk.swift */ = {isa = PBXFileReference; lastKnownFileType = sourcecode.swift; path = Drunk.swift; sourceTree = "<group>"; };
		BEB689F425CC77B500AABE21 /* DrunkBank.swift */ = {isa = PBXFileReference; lastKnownFileType = sourcecode.swift; path = DrunkBank.swift; sourceTree = "<group>"; };
		BEC8619E25D5AF80004A6874 /* Onboarding.swift */ = {isa = PBXFileReference; lastKnownFileType = sourcecode.swift; path = Onboarding.swift; sourceTree = "<group>"; };
/* End PBXFileReference section */

/* Begin PBXFrameworksBuildPhase section */
		BE2742C025CB2530006699E6 /* Frameworks */ = {
			isa = PBXFrameworksBuildPhase;
			buildActionMask = 2147483647;
			files = (
				BE2742DF25CB2FC5006699E6 /* CloudKit.framework in Frameworks */,
			);
			runOnlyForDeploymentPostprocessing = 0;
		};
/* End PBXFrameworksBuildPhase section */

/* Begin PBXGroup section */
		BE2742BA25CB2530006699E6 = {
			isa = PBXGroup;
			children = (
				BE2742C525CB2531006699E6 /* baforada */,
				BE2742C425CB2531006699E6 /* Products */,
				BE2742DD25CB2FC5006699E6 /* Frameworks */,
			);
			sourceTree = "<group>";
		};
		BE2742C425CB2531006699E6 /* Products */ = {
			isa = PBXGroup;
			children = (
				BE2742C325CB2531006699E6 /* baforada.app */,
			);
			name = Products;
			sourceTree = "<group>";
		};
		BE2742C525CB2531006699E6 /* baforada */ = {
			isa = PBXGroup;
			children = (
				BEB689F325CC762600AABE21 /* View */,
				BEB689F225CC761800AABE21 /* ViewModel */,
				BEB689EE25CC759200AABE21 /* Model */,
				BE2742DC25CB2FB4006699E6 /* baforada.entitlements */,
				BE2742C625CB2531006699E6 /* AppDelegate.swift */,
				BE2742C825CB2531006699E6 /* SceneDelegate.swift */,
				BE2742CA25CB2531006699E6 /* ContentView.swift */,
				57FBEFA425D45DF30026ACE4 /* MapView.swift */,
				5715028825D59E860075EF9C /* Color+colors.swift */,
				5715028B25D59E910075EF9C /* TestIntroView.swift */,
				5715028E25D59E9C0075EF9C /* ActivityDescription.swift */,
				5715029125D59EA50075EF9C /* ShowResultView.swift */,
				BE2742CC25CB2540006699E6 /* Assets.xcassets */,
				BE2742D125CB2540006699E6 /* LaunchScreen.storyboard */,
				BE2742D425CB2540006699E6 /* Info.plist */,
				BE2742CE25CB2540006699E6 /* Preview Content */,
			);
			path = baforada;
			sourceTree = "<group>";
		};
		BE2742CE25CB2540006699E6 /* Preview Content */ = {
			isa = PBXGroup;
			children = (
				BE2742CF25CB2540006699E6 /* Preview Assets.xcassets */,
			);
			path = "Preview Content";
			sourceTree = "<group>";
		};
		BE2742DD25CB2FC5006699E6 /* Frameworks */ = {
			isa = PBXGroup;
			children = (
				BE2742DE25CB2FC5006699E6 /* CloudKit.framework */,
			);
			name = Frameworks;
			sourceTree = "<group>";
		};
		BEB689EE25CC759200AABE21 /* Model */ = {
			isa = PBXGroup;
			children = (
				BEB689EF25CC75F300AABE21 /* Drunk.swift */,
			);
			path = Model;
			sourceTree = "<group>";
		};
		BEB689F225CC761800AABE21 /* ViewModel */ = {
			isa = PBXGroup;
			children = (
				BEB689F425CC77B500AABE21 /* DrunkBank.swift */,
				5715029425D59EAE0075EF9C /* SensorDevice.swift */,
			);
			path = ViewModel;
			sourceTree = "<group>";
		};
		BEB689F325CC762600AABE21 /* View */ = {
			isa = PBXGroup;
			children = (
				BEC8619E25D5AF80004A6874 /* Onboarding.swift */,
			);
			path = View;
			sourceTree = "<group>";
		};
/* End PBXGroup section */

/* Begin PBXNativeTarget section */
		BE2742C225CB2530006699E6 /* baforada */ = {
			isa = PBXNativeTarget;
			buildConfigurationList = BE2742D725CB2540006699E6 /* Build configuration list for PBXNativeTarget "baforada" */;
			buildPhases = (
				BE2742BF25CB2530006699E6 /* Sources */,
				BE2742C025CB2530006699E6 /* Frameworks */,
				BE2742C125CB2530006699E6 /* Resources */,
			);
			buildRules = (
			);
			dependencies = (
			);
			name = baforada;
			productName = baforada;
			productReference = BE2742C325CB2531006699E6 /* baforada.app */;
			productType = "com.apple.product-type.application";
		};
/* End PBXNativeTarget section */

/* Begin PBXProject section */
		BE2742BB25CB2530006699E6 /* Project object */ = {
			isa = PBXProject;
			attributes = {
				LastSwiftUpdateCheck = 1230;
				LastUpgradeCheck = 1230;
				TargetAttributes = {
					BE2742C225CB2530006699E6 = {
						CreatedOnToolsVersion = 12.3;
					};
				};
			};
			buildConfigurationList = BE2742BE25CB2530006699E6 /* Build configuration list for PBXProject "baforada" */;
			compatibilityVersion = "Xcode 9.3";
			developmentRegion = en;
			hasScannedForEncodings = 0;
			knownRegions = (
				en,
				Base,
			);
			mainGroup = BE2742BA25CB2530006699E6;
			productRefGroup = BE2742C425CB2531006699E6 /* Products */;
			projectDirPath = "";
			projectRoot = "";
			targets = (
				BE2742C225CB2530006699E6 /* baforada */,
			);
		};
/* End PBXProject section */

/* Begin PBXResourcesBuildPhase section */
		BE2742C125CB2530006699E6 /* Resources */ = {
			isa = PBXResourcesBuildPhase;
			buildActionMask = 2147483647;
			files = (
				BE2742D325CB2540006699E6 /* LaunchScreen.storyboard in Resources */,
				BE2742D025CB2540006699E6 /* Preview Assets.xcassets in Resources */,
				BE2742CD25CB2540006699E6 /* Assets.xcassets in Resources */,
			);
			runOnlyForDeploymentPostprocessing = 0;
		};
/* End PBXResourcesBuildPhase section */

/* Begin PBXSourcesBuildPhase section */
		BE2742BF25CB2530006699E6 /* Sources */ = {
			isa = PBXSourcesBuildPhase;
			buildActionMask = 2147483647;
			files = (
				BEB689F525CC77B500AABE21 /* DrunkBank.swift in Sources */,
				57FBEFA525D45DF30026ACE4 /* MapView.swift in Sources */,
				5715028925D59E860075EF9C /* Color+colors.swift in Sources */,
				BE2742C725CB2531006699E6 /* AppDelegate.swift in Sources */,
				5715028F25D59E9C0075EF9C /* ActivityDescription.swift in Sources */,
				BE2742C925CB2531006699E6 /* SceneDelegate.swift in Sources */,
				BEC8619F25D5AF80004A6874 /* Onboarding.swift in Sources */,
				5715029225D59EA50075EF9C /* ShowResultView.swift in Sources */,
				5715028C25D59E910075EF9C /* TestIntroView.swift in Sources */,
				BEB689F025CC75F300AABE21 /* Drunk.swift in Sources */,
				5715029525D59EAE0075EF9C /* SensorDevice.swift in Sources */,
				BE2742CB25CB2531006699E6 /* ContentView.swift in Sources */,
			);
			runOnlyForDeploymentPostprocessing = 0;
		};
/* End PBXSourcesBuildPhase section */

/* Begin PBXVariantGroup section */
		BE2742D125CB2540006699E6 /* LaunchScreen.storyboard */ = {
			isa = PBXVariantGroup;
			children = (
				BE2742D225CB2540006699E6 /* Base */,
			);
			name = LaunchScreen.storyboard;
			sourceTree = "<group>";
		};
/* End PBXVariantGroup section */

/* Begin XCBuildConfiguration section */
		BE2742D525CB2540006699E6 /* Debug */ = {
			isa = XCBuildConfiguration;
			buildSettings = {
				ALWAYS_SEARCH_USER_PATHS = NO;
				CLANG_ANALYZER_NONNULL = YES;
				CLANG_ANALYZER_NUMBER_OBJECT_CONVERSION = YES_AGGRESSIVE;
				CLANG_CXX_LANGUAGE_STANDARD = "gnu++14";
				CLANG_CXX_LIBRARY = "libc++";
				CLANG_ENABLE_MODULES = YES;
				CLANG_ENABLE_OBJC_ARC = YES;
				CLANG_ENABLE_OBJC_WEAK = YES;
				CLANG_WARN_BLOCK_CAPTURE_AUTORELEASING = YES;
				CLANG_WARN_BOOL_CONVERSION = YES;
				CLANG_WARN_COMMA = YES;
				CLANG_WARN_CONSTANT_CONVERSION = YES;
				CLANG_WARN_DEPRECATED_OBJC_IMPLEMENTATIONS = YES;
				CLANG_WARN_DIRECT_OBJC_ISA_USAGE = YES_ERROR;
				CLANG_WARN_DOCUMENTATION_COMMENTS = YES;
				CLANG_WARN_EMPTY_BODY = YES;
				CLANG_WARN_ENUM_CONVERSION = YES;
				CLANG_WARN_INFINITE_RECURSION = YES;
				CLANG_WARN_INT_CONVERSION = YES;
				CLANG_WARN_NON_LITERAL_NULL_CONVERSION = YES;
				CLANG_WARN_OBJC_IMPLICIT_RETAIN_SELF = YES;
				CLANG_WARN_OBJC_LITERAL_CONVERSION = YES;
				CLANG_WARN_OBJC_ROOT_CLASS = YES_ERROR;
				CLANG_WARN_QUOTED_INCLUDE_IN_FRAMEWORK_HEADER = YES;
				CLANG_WARN_RANGE_LOOP_ANALYSIS = YES;
				CLANG_WARN_STRICT_PROTOTYPES = YES;
				CLANG_WARN_SUSPICIOUS_MOVE = YES;
				CLANG_WARN_UNGUARDED_AVAILABILITY = YES_AGGRESSIVE;
				CLANG_WARN_UNREACHABLE_CODE = YES;
				CLANG_WARN__DUPLICATE_METHOD_MATCH = YES;
				COPY_PHASE_STRIP = NO;
				DEBUG_INFORMATION_FORMAT = dwarf;
				ENABLE_STRICT_OBJC_MSGSEND = YES;
				ENABLE_TESTABILITY = YES;
				GCC_C_LANGUAGE_STANDARD = gnu11;
				GCC_DYNAMIC_NO_PIC = NO;
				GCC_NO_COMMON_BLOCKS = YES;
				GCC_OPTIMIZATION_LEVEL = 0;
				GCC_PREPROCESSOR_DEFINITIONS = (
					"DEBUG=1",
					"$(inherited)",
				);
				GCC_WARN_64_TO_32_BIT_CONVERSION = YES;
				GCC_WARN_ABOUT_RETURN_TYPE = YES_ERROR;
				GCC_WARN_UNDECLARED_SELECTOR = YES;
				GCC_WARN_UNINITIALIZED_AUTOS = YES_AGGRESSIVE;
				GCC_WARN_UNUSED_FUNCTION = YES;
				GCC_WARN_UNUSED_VARIABLE = YES;
				IPHONEOS_DEPLOYMENT_TARGET = 14.3;
				MTL_ENABLE_DEBUG_INFO = INCLUDE_SOURCE;
				MTL_FAST_MATH = YES;
				ONLY_ACTIVE_ARCH = YES;
				SDKROOT = iphoneos;
				SWIFT_ACTIVE_COMPILATION_CONDITIONS = DEBUG;
				SWIFT_OPTIMIZATION_LEVEL = "-Onone";
			};
			name = Debug;
		};
		BE2742D625CB2540006699E6 /* Release */ = {
			isa = XCBuildConfiguration;
			buildSettings = {
				ALWAYS_SEARCH_USER_PATHS = NO;
				CLANG_ANALYZER_NONNULL = YES;
				CLANG_ANALYZER_NUMBER_OBJECT_CONVERSION = YES_AGGRESSIVE;
				CLANG_CXX_LANGUAGE_STANDARD = "gnu++14";
				CLANG_CXX_LIBRARY = "libc++";
				CLANG_ENABLE_MODULES = YES;
				CLANG_ENABLE_OBJC_ARC = YES;
				CLANG_ENABLE_OBJC_WEAK = YES;
				CLANG_WARN_BLOCK_CAPTURE_AUTORELEASING = YES;
				CLANG_WARN_BOOL_CONVERSION = YES;
				CLANG_WARN_COMMA = YES;
				CLANG_WARN_CONSTANT_CONVERSION = YES;
				CLANG_WARN_DEPRECATED_OBJC_IMPLEMENTATIONS = YES;
				CLANG_WARN_DIRECT_OBJC_ISA_USAGE = YES_ERROR;
				CLANG_WARN_DOCUMENTATION_COMMENTS = YES;
				CLANG_WARN_EMPTY_BODY = YES;
				CLANG_WARN_ENUM_CONVERSION = YES;
				CLANG_WARN_INFINITE_RECURSION = YES;
				CLANG_WARN_INT_CONVERSION = YES;
				CLANG_WARN_NON_LITERAL_NULL_CONVERSION = YES;
				CLANG_WARN_OBJC_IMPLICIT_RETAIN_SELF = YES;
				CLANG_WARN_OBJC_LITERAL_CONVERSION = YES;
				CLANG_WARN_OBJC_ROOT_CLASS = YES_ERROR;
				CLANG_WARN_QUOTED_INCLUDE_IN_FRAMEWORK_HEADER = YES;
				CLANG_WARN_RANGE_LOOP_ANALYSIS = YES;
				CLANG_WARN_STRICT_PROTOTYPES = YES;
				CLANG_WARN_SUSPICIOUS_MOVE = YES;
				CLANG_WARN_UNGUARDED_AVAILABILITY = YES_AGGRESSIVE;
				CLANG_WARN_UNREACHABLE_CODE = YES;
				CLANG_WARN__DUPLICATE_METHOD_MATCH = YES;
				COPY_PHASE_STRIP = NO;
				DEBUG_INFORMATION_FORMAT = "dwarf-with-dsym";
				ENABLE_NS_ASSERTIONS = NO;
				ENABLE_STRICT_OBJC_MSGSEND = YES;
				GCC_C_LANGUAGE_STANDARD = gnu11;
				GCC_NO_COMMON_BLOCKS = YES;
				GCC_WARN_64_TO_32_BIT_CONVERSION = YES;
				GCC_WARN_ABOUT_RETURN_TYPE = YES_ERROR;
				GCC_WARN_UNDECLARED_SELECTOR = YES;
				GCC_WARN_UNINITIALIZED_AUTOS = YES_AGGRESSIVE;
				GCC_WARN_UNUSED_FUNCTION = YES;
				GCC_WARN_UNUSED_VARIABLE = YES;
				IPHONEOS_DEPLOYMENT_TARGET = 14.3;
				MTL_ENABLE_DEBUG_INFO = NO;
				MTL_FAST_MATH = YES;
				SDKROOT = iphoneos;
				SWIFT_COMPILATION_MODE = wholemodule;
				SWIFT_OPTIMIZATION_LEVEL = "-O";
				VALIDATE_PRODUCT = YES;
			};
			name = Release;
		};
		BE2742D825CB2540006699E6 /* Debug */ = {
			isa = XCBuildConfiguration;
			buildSettings = {
				ASSETCATALOG_COMPILER_APPICON_NAME = AppIcon;
				ASSETCATALOG_COMPILER_GLOBAL_ACCENT_COLOR_NAME = AccentColor;
				CODE_SIGN_ENTITLEMENTS = baforada/baforada.entitlements;
				CODE_SIGN_STYLE = Automatic;
				DEVELOPMENT_ASSET_PATHS = "\"baforada/Preview Content\"";
				DEVELOPMENT_TEAM = 23WSBM7T82;
				ENABLE_PREVIEWS = YES;
				INFOPLIST_FILE = baforada/Info.plist;
				LD_RUNPATH_SEARCH_PATHS = (
					"$(inherited)",
					"@executable_path/Frameworks",
				);
				PRODUCT_BUNDLE_IDENTIFIER = academy.ufpe.br.baforada;
				PRODUCT_NAME = "$(TARGET_NAME)";
				SWIFT_VERSION = 5.0;
				TARGETED_DEVICE_FAMILY = "1,2";
			};
			name = Debug;
		};
		BE2742D925CB2540006699E6 /* Release */ = {
			isa = XCBuildConfiguration;
			buildSettings = {
				ASSETCATALOG_COMPILER_APPICON_NAME = AppIcon;
				ASSETCATALOG_COMPILER_GLOBAL_ACCENT_COLOR_NAME = AccentColor;
				CODE_SIGN_ENTITLEMENTS = baforada/baforada.entitlements;
				CODE_SIGN_STYLE = Automatic;
				DEVELOPMENT_ASSET_PATHS = "\"baforada/Preview Content\"";
				DEVELOPMENT_TEAM = 23WSBM7T82;
				ENABLE_PREVIEWS = YES;
				INFOPLIST_FILE = baforada/Info.plist;
				LD_RUNPATH_SEARCH_PATHS = (
					"$(inherited)",
					"@executable_path/Frameworks",
				);
				PRODUCT_BUNDLE_IDENTIFIER = academy.ufpe.br.baforada;
				PRODUCT_NAME = "$(TARGET_NAME)";
				SWIFT_VERSION = 5.0;
				TARGETED_DEVICE_FAMILY = "1,2";
			};
			name = Release;
		};
/* End XCBuildConfiguration section */

/* Begin XCConfigurationList section */
		BE2742BE25CB2530006699E6 /* Build configuration list for PBXProject "baforada" */ = {
			isa = XCConfigurationList;
			buildConfigurations = (
				BE2742D525CB2540006699E6 /* Debug */,
				BE2742D625CB2540006699E6 /* Release */,
			);
			defaultConfigurationIsVisible = 0;
			defaultConfigurationName = Release;
		};
		BE2742D725CB2540006699E6 /* Build configuration list for PBXNativeTarget "baforada" */ = {
			isa = XCConfigurationList;
			buildConfigurations = (
				BE2742D825CB2540006699E6 /* Debug */,
				BE2742D925CB2540006699E6 /* Release */,
			);
			defaultConfigurationIsVisible = 0;
			defaultConfigurationName = Release;
		};
/* End XCConfigurationList section */
	};
	rootObject = BE2742BB25CB2530006699E6 /* Project object */;
}
